
Microsoft Visual Studio Solution File, Format Version 12.00
# Visual Studio 15
VisualStudioVersion = 15.0.27703.2035
MinimumVisualStudioVersion = 10.0.40219.1
Project("{FAE04EC0-301F-11D3-BF4B-00C04F79EFBC}") = "SitemapWeb", "SitemapWeb\SitemapWeb.csproj", "{2C8AAD3C-29A2-4688-BFD0-DB847ABF5BD9}"
EndProject
Global
	GlobalSection(SolutionConfigurationPlatforms) = preSolution
		Debug|Any CPU = Debug|Any CPU
		Release|Any CPU = Release|Any CPU
	EndGlobalSection
	GlobalSection(ProjectConfigurationPlatforms) = postSolution
		{2C8AAD3C-29A2-4688-BFD0-DB847ABF5BD9}.Debug|Any CPU.ActiveCfg = Debug|Any CPU
		{2C8AAD3C-29A2-4688-BFD0-DB847ABF5BD9}.Debug|Any CPU.Build.0 = Debug|Any CPU
		{2C8AAD3C-29A2-4688-BFD0-DB847ABF5BD9}.Release|Any CPU.ActiveCfg = Release|Any CPU
		{2C8AAD3C-29A2-4688-BFD0-DB847ABF5BD9}.Release|Any CPU.Build.0 = Release|Any CPU
	EndGlobalSection
	GlobalSection(SolutionProperties) = preSolution
		HideSolutionNode = FALSE
	EndGlobalSection
	GlobalSection(ExtensibilityGlobals) = postSolution
		SolutionGuid = {D8392B91-6BD2-4C78-825A-0059EB4BAC26}
	EndGlobalSection
EndGlobal
